# THIS IS AN AUTOGENERATED FILE. DO NOT EDIT THIS FILE DIRECTLY.
# yarn lockfile v1


tinymce@^5.10:
  version "5.10.5"
  resolved "https://registry.yarnpkg.com/tinymce/-/tinymce-5.10.5.tgz#02aef6a67e915f1559e51fa8fb007270d9666778"
  integrity sha512-nFKtLhmoRtExBxUfv06JlkbQWux5D+d115vxSRAqUmccZdrtpFvOIYwZmikvulLdM9pfEpvO0B+RQ2qFV/+R7w==
