# THIS IS AN AUTOGENERATED FILE. DO NOT EDIT THIS FILE DIRECTLY.
# yarn lockfile v1


tinymce@^5.7.0:
  version "5.7.0"
  resolved "https://registry.yarnpkg.com/tinymce/-/tinymce-5.7.0.tgz#bc565877e4041db83848a330dfa7916993110cba"
  integrity sha512-WikgMpJbqYPaucV3lfstCj+Y4NquZlK61gyuJ2eqDUBlSU+4fFh6rpwnelVTxuvtEyJsAVOl8HZmbzBfDJiLsQ==
